
Microsoft Visual Studio Solution File, Format Version 12.00
# Visual Studio 2012
Project("{FAE04EC0-301F-11D3-BF4B-00C04F79EFBC}") = "FacebookWP7", "FacebookWP7\FacebookWP7.csproj", "{F868ACBE-9C19-464B-BE39-1742378AA77E}"
EndProject
Global
	GlobalSection(SolutionConfigurationPlatforms) = preSolution
		Debug|Any CPU = Debug|Any CPU
		Release|Any CPU = Release|Any CPU
	EndGlobalSection
	GlobalSection(ProjectConfigurationPlatforms) = postSolution
		{F868ACBE-9C19-464B-BE39-1742378AA77E}.Debug|Any CPU.ActiveCfg = Debug|Any CPU
		{F868ACBE-9C19-464B-BE39-1742378AA77E}.Debug|Any CPU.Build.0 = Debug|Any CPU
		{F868ACBE-9C19-464B-BE39-1742378AA77E}.Debug|Any CPU.Deploy.0 = Debug|Any CPU
		{F868ACBE-9C19-464B-BE39-1742378AA77E}.Release|Any CPU.ActiveCfg = Release|Any CPU
		{F868ACBE-9C19-464B-BE39-1742378AA77E}.Release|Any CPU.Build.0 = Release|Any CPU
		{F868ACBE-9C19-464B-BE39-1742378AA77E}.Release|Any CPU.Deploy.0 = Release|Any CPU
	EndGlobalSection
	GlobalSection(SolutionProperties) = preSolution
		HideSolutionNode = FALSE
	EndGlobalSection
EndGlobal
